{
    "_readme": [
        "This file locks the dependencies of your project to a known state",
        "Read more about it at https://getcomposer.org/doc/01-basic-usage.md#installing-dependencies",
        "This file is @generated automatically"
    ],
    "content-hash": "60bbde5423fc8e0370e431ed75675ae4",
    "packages": [
        {
            "name": "hsm/wplite",
            "version": "v1.0.3",
            "source": {
                "type": "git",
                "url": "https://github.com/bahmankhah/wplite.git",
                "reference": "043b76da9fc0a2803049a11e00e5b9400afce089"
            },
            "dist": {
                "type": "zip",
                "url": "https://api.github.com/repos/bahmankhah/wplite/zipball/043b76da9fc0a2803049a11e00e5b9400afce089",
                "reference": "043b76da9fc0a2803049a11e00e5b9400afce089",
                "shasum": ""
            },
            "type": "library",
            "autoload": {
                "psr-4": {
                    "WPLite\\": "src/"
                }
            },
            "notification-url": "https://packagist.org/downloads/",
            "license": [
                "MIT"
            ],
            "description": "WPLite WordPress Framework",
            "support": {
                "issues": "https://github.com/bahmankhah/wplite/issues",
                "source": "https://github.com/bahmankhah/wplite/tree/v1.0.3"
            },
            "time": "2025-11-21T11:34:32+00:00"
        }
    ],
    "packages-dev": [],
    "aliases": [],
    "minimum-stability": "stable",
    "stability-flags": {},
    "prefer-stable": false,
    "prefer-lowest": false,
    "platform": {},
    "platform-dev": {},
    "plugin-api-version": "2.6.0"
}
