{
    "_readme": [
        "This file locks the dependencies of your project to a known state",
        "Read more about it at https://getcomposer.org/doc/01-basic-usage.md#installing-dependencies",
        "This file is @generated automatically"
    ],
    "content-hash": "f5a171807da1af45882b6f3f6ac08e89",
    "packages": [
        {
            "name": "hsm/wplite",
            "version": "dev-main",
            "source": {
                "type": "git",
                "url": "https://github.com/bahmankhah/wplite.git",
                "reference": "7292122fddab7d9a4780f8aa707335ffd91a6c9d"
            },
            "dist": {
                "type": "zip",
                "url": "https://api.github.com/repos/bahmankhah/wplite/zipball/7292122fddab7d9a4780f8aa707335ffd91a6c9d",
                "reference": "7292122fddab7d9a4780f8aa707335ffd91a6c9d",
                "shasum": ""
            },
            "require": {
                "php": ">=7.4"
            },
            "default-branch": true,
            "type": "library",
            "autoload": {
                "files": [
                    "src/Helpers/main.php"
                ],
                "psr-4": {
                    "WPLite\\": "src/"
                }
            },
            "notification-url": "https://packagist.org/downloads/",
            "license": [
                "MIT"
            ],
            "description": "WPLite WordPress Framework",
            "support": {
                "issues": "https://github.com/bahmankhah/wplite/issues",
                "source": "https://github.com/bahmankhah/wplite/tree/main"
            },
            "time": "2025-12-08T22:02:16+00:00"
        }
    ],
    "packages-dev": [],
    "aliases": [],
    "minimum-stability": "stable",
    "stability-flags": {
        "hsm/wplite": 20
    },
    "prefer-stable": false,
    "prefer-lowest": false,
    "platform": {},
    "platform-dev": {},
    "plugin-api-version": "2.6.0"
}
